// !$*UTF8*$!
{
	archiveVersion = 1;
	classes = {
	};
	objectVersion = 46;
	objects = {

/* Begin PBXBuildFile section */
		6E0126181A4B5A4400FB1736 /* KHLoginViewController.m in Sources */ = {isa = PBXBuildFile; fileRef = 6E0126171A4B5A4400FB1736 /* KHLoginViewController.m */; };
		6E01261B1A4B5C9900FB1736 /* KHAppDelegate.m in Sources */ = {isa = PBXBuildFile; fileRef = 6E01261A1A4B5C9900FB1736 /* KHAppDelegate.m */; };
		6E4774AA1A4A0FF6006C0B51 /* main.m in Sources */ = {isa = PBXBuildFile; fileRef = 6E4774A91A4A0FF6006C0B51 /* main.m */; };
		6E4774B01A4A0FF6006C0B51 /* Pear.xcdatamodeld in Sources */ = {isa = PBXBuildFile; fileRef = 6E4774AE1A4A0FF6006C0B51 /* Pear.xcdatamodeld */; };
		6E4774B81A4A0FF6006C0B51 /* Images.xcassets in Resources */ = {isa = PBXBuildFile; fileRef = 6E4774B71A4A0FF6006C0B51 /* Images.xcassets */; };
		6E4774BB1A4A0FF6006C0B51 /* LaunchScreen.xib in Resources */ = {isa = PBXBuildFile; fileRef = 6E4774B91A4A0FF6006C0B51 /* LaunchScreen.xib */; };
		6E4774C71A4A0FF6006C0B51 /* PearTests.m in Sources */ = {isa = PBXBuildFile; fileRef = 6E4774C61A4A0FF6006C0B51 /* PearTests.m */; };
		FA86218CF970EBDEB3E15DB5 /* libPods-Pear.a in Frameworks */ = {isa = PBXBuildFile; fileRef = 49A6C5F3E5496E410A11EA1F /* libPods-Pear.a */; };
/* End PBXBuildFile section */

/* Begin PBXContainerItemProxy section */
		6E4774C11A4A0FF6006C0B51 /* PBXContainerItemProxy */ = {
			isa = PBXContainerItemProxy;
			containerPortal = 6E47749C1A4A0FF6006C0B51 /* Project object */;
			proxyType = 1;
			remoteGlobalIDString = 6E4774A31A4A0FF6006C0B51;
			remoteInfo = Pear;
		};
/* End PBXContainerItemProxy section */

/* Begin PBXFileReference section */
		49A6C5F3E5496E410A11EA1F /* libPods-Pear.a */ = {isa = PBXFileReference; explicitFileType = archive.ar; includeInIndex = 0; path = "libPods-Pear.a"; sourceTree = BUILT_PRODUCTS_DIR; };
		6755C4CA65754E2206D13760 /* Pods-Pear.release.xcconfig */ = {isa = PBXFileReference; includeInIndex = 1; lastKnownFileType = text.xcconfig; name = "Pods-Pear.release.xcconfig"; path = "Pods/Target Support Files/Pods-Pear/Pods-Pear.release.xcconfig"; sourceTree = "<group>"; };
		6E0126161A4B5A4400FB1736 /* KHLoginViewController.h */ = {isa = PBXFileReference; fileEncoding = 4; lastKnownFileType = sourcecode.c.h; path = KHLoginViewController.h; sourceTree = "<group>"; };
		6E0126171A4B5A4400FB1736 /* KHLoginViewController.m */ = {isa = PBXFileReference; fileEncoding = 4; lastKnownFileType = sourcecode.c.objc; path = KHLoginViewController.m; sourceTree = "<group>"; };
		6E0126191A4B5C9900FB1736 /* KHAppDelegate.h */ = {isa = PBXFileReference; fileEncoding = 4; lastKnownFileType = sourcecode.c.h; path = KHAppDelegate.h; sourceTree = "<group>"; };
		6E01261A1A4B5C9900FB1736 /* KHAppDelegate.m */ = {isa = PBXFileReference; fileEncoding = 4; lastKnownFileType = sourcecode.c.objc; path = KHAppDelegate.m; sourceTree = "<group>"; };
		6E4774A41A4A0FF6006C0B51 /* Pear.app */ = {isa = PBXFileReference; explicitFileType = wrapper.application; includeInIndex = 0; path = Pear.app; sourceTree = BUILT_PRODUCTS_DIR; };
		6E4774A81A4A0FF6006C0B51 /* Info.plist */ = {isa = PBXFileReference; lastKnownFileType = text.plist.xml; path = Info.plist; sourceTree = "<group>"; };
		6E4774A91A4A0FF6006C0B51 /* main.m */ = {isa = PBXFileReference; lastKnownFileType = sourcecode.c.objc; path = main.m; sourceTree = "<group>"; };
		6E4774AF1A4A0FF6006C0B51 /* Pear.xcdatamodel */ = {isa = PBXFileReference; lastKnownFileType = wrapper.xcdatamodel; path = Pear.xcdatamodel; sourceTree = "<group>"; };
		6E4774B71A4A0FF6006C0B51 /* Images.xcassets */ = {isa = PBXFileReference; lastKnownFileType = folder.assetcatalog; path = Images.xcassets; sourceTree = "<group>"; };
		6E4774BA1A4A0FF6006C0B51 /* Base */ = {isa = PBXFileReference; lastKnownFileType = file.xib; name = Base; path = Base.lproj/LaunchScreen.xib; sourceTree = "<group>"; };
		6E4774C01A4A0FF6006C0B51 /* PearTests.xctest */ = {isa = PBXFileReference; explicitFileType = wrapper.cfbundle; includeInIndex = 0; path = PearTests.xctest; sourceTree = BUILT_PRODUCTS_DIR; };
		6E4774C51A4A0FF6006C0B51 /* Info.plist */ = {isa = PBXFileReference; lastKnownFileType = text.plist.xml; path = Info.plist; sourceTree = "<group>"; };
		6E4774C61A4A0FF6006C0B51 /* PearTests.m */ = {isa = PBXFileReference; lastKnownFileType = sourcecode.c.objc; path = PearTests.m; sourceTree = "<group>"; };
		9A72AA005E980D96D4DED400 /* Pods-Pear.debug.xcconfig */ = {isa = PBXFileReference; includeInIndex = 1; lastKnownFileType = text.xcconfig; name = "Pods-Pear.debug.xcconfig"; path = "Pods/Target Support Files/Pods-Pear/Pods-Pear.debug.xcconfig"; sourceTree = "<group>"; };
/* End PBXFileReference section */

/* Begin PBXFrameworksBuildPhase section */
		6E4774A11A4A0FF6006C0B51 /* Frameworks */ = {
			isa = PBXFrameworksBuildPhase;
			buildActionMask = 2147483647;
			files = (
				FA86218CF970EBDEB3E15DB5 /* libPods-Pear.a in Frameworks */,
			);
			runOnlyForDeploymentPostprocessing = 0;
		};
		6E4774BD1A4A0FF6006C0B51 /* Frameworks */ = {
			isa = PBXFrameworksBuildPhase;
			buildActionMask = 2147483647;
			files = (
			);
			runOnlyForDeploymentPostprocessing = 0;
		};
/* End PBXFrameworksBuildPhase section */

/* Begin PBXGroup section */
		6E0126151A4B5A1200FB1736 /* View Controllers */ = {
			isa = PBXGroup;
			children = (
				6E0126161A4B5A4400FB1736 /* KHLoginViewController.h */,
				6E0126171A4B5A4400FB1736 /* KHLoginViewController.m */,
			);
			name = "View Controllers";
			sourceTree = "<group>";
		};
		6E47749B1A4A0FF6006C0B51 = {
			isa = PBXGroup;
			children = (
				6E4774A61A4A0FF6006C0B51 /* Pear */,
				6E4774C31A4A0FF6006C0B51 /* PearTests */,
				6E4774A51A4A0FF6006C0B51 /* Products */,
				7608088087C55120025A036E /* Pods */,
				B38984B1BFA3D23BA0829C6F /* Frameworks */,
			);
			sourceTree = "<group>";
		};
		6E4774A51A4A0FF6006C0B51 /* Products */ = {
			isa = PBXGroup;
			children = (
				6E4774A41A4A0FF6006C0B51 /* Pear.app */,
				6E4774C01A4A0FF6006C0B51 /* PearTests.xctest */,
			);
			name = Products;
			sourceTree = "<group>";
		};
		6E4774A61A4A0FF6006C0B51 /* Pear */ = {
			isa = PBXGroup;
			children = (
				6E0126151A4B5A1200FB1736 /* View Controllers */,
				6E4774B71A4A0FF6006C0B51 /* Images.xcassets */,
				6E4774B91A4A0FF6006C0B51 /* LaunchScreen.xib */,
				6E4774AE1A4A0FF6006C0B51 /* Pear.xcdatamodeld */,
				6E4774A71A4A0FF6006C0B51 /* Supporting Files */,
				6E0126191A4B5C9900FB1736 /* KHAppDelegate.h */,
				6E01261A1A4B5C9900FB1736 /* KHAppDelegate.m */,
			);
			path = Pear;
			sourceTree = "<group>";
		};
		6E4774A71A4A0FF6006C0B51 /* Supporting Files */ = {
			isa = PBXGroup;
			children = (
				6E4774A81A4A0FF6006C0B51 /* Info.plist */,
				6E4774A91A4A0FF6006C0B51 /* main.m */,
			);
			name = "Supporting Files";
			sourceTree = "<group>";
		};
		6E4774C31A4A0FF6006C0B51 /* PearTests */ = {
			isa = PBXGroup;
			children = (
				6E4774C61A4A0FF6006C0B51 /* PearTests.m */,
				6E4774C41A4A0FF6006C0B51 /* Supporting Files */,
			);
			path = PearTests;
			sourceTree = "<group>";
		};
		6E4774C41A4A0FF6006C0B51 /* Supporting Files */ = {
			isa = PBXGroup;
			children = (
				6E4774C51A4A0FF6006C0B51 /* Info.plist */,
			);
			name = "Supporting Files";
			sourceTree = "<group>";
		};
		7608088087C55120025A036E /* Pods */ = {
			isa = PBXGroup;
			children = (
				9A72AA005E980D96D4DED400 /* Pods-Pear.debug.xcconfig */,
				6755C4CA65754E2206D13760 /* Pods-Pear.release.xcconfig */,
			);
			name = Pods;
			sourceTree = "<group>";
		};
		B38984B1BFA3D23BA0829C6F /* Frameworks */ = {
			isa = PBXGroup;
			children = (
				49A6C5F3E5496E410A11EA1F /* libPods-Pear.a */,
			);
			name = Frameworks;
			sourceTree = "<group>";
		};
/* End PBXGroup section */

/* Begin PBXNativeTarget section */
		6E4774A31A4A0FF6006C0B51 /* Pear */ = {
			isa = PBXNativeTarget;
			buildConfigurationList = 6E4774CA1A4A0FF6006C0B51 /* Build configuration list for PBXNativeTarget "Pear" */;
			buildPhases = (
				D9F25DC4EB0A990B237242BB /* Check Pods Manifest.lock */,
				6E4774A01A4A0FF6006C0B51 /* Sources */,
				6E4774A11A4A0FF6006C0B51 /* Frameworks */,
				6E4774A21A4A0FF6006C0B51 /* Resources */,
				70CE4D0769913E25CA8315DB /* Copy Pods Resources */,
			);
			buildRules = (
			);
			dependencies = (
			);
			name = Pear;
			productName = Pear;
			productReference = 6E4774A41A4A0FF6006C0B51 /* Pear.app */;
			productType = "com.apple.product-type.application";
		};
		6E4774BF1A4A0FF6006C0B51 /* PearTests */ = {
			isa = PBXNativeTarget;
			buildConfigurationList = 6E4774CD1A4A0FF6006C0B51 /* Build configuration list for PBXNativeTarget "PearTests" */;
			buildPhases = (
				6E4774BC1A4A0FF6006C0B51 /* Sources */,
				6E4774BD1A4A0FF6006C0B51 /* Frameworks */,
				6E4774BE1A4A0FF6006C0B51 /* Resources */,
			);
			buildRules = (
			);
			dependencies = (
				6E4774C21A4A0FF6006C0B51 /* PBXTargetDependency */,
			);
			name = PearTests;
			productName = PearTests;
			productReference = 6E4774C01A4A0FF6006C0B51 /* PearTests.xctest */;
			productType = "com.apple.product-type.bundle.unit-test";
		};
/* End PBXNativeTarget section */

/* Begin PBXProject section */
		6E47749C1A4A0FF6006C0B51 /* Project object */ = {
			isa = PBXProject;
			attributes = {
				LastUpgradeCheck = 0610;
				ORGANIZATIONNAME = "Kevin Hwang";
				TargetAttributes = {
					6E4774A31A4A0FF6006C0B51 = {
						CreatedOnToolsVersion = 6.1.1;
					};
					6E4774BF1A4A0FF6006C0B51 = {
						CreatedOnToolsVersion = 6.1.1;
						TestTargetID = 6E4774A31A4A0FF6006C0B51;
					};
				};
			};
			buildConfigurationList = 6E47749F1A4A0FF6006C0B51 /* Build configuration list for PBXProject "Pear" */;
			compatibilityVersion = "Xcode 3.2";
			developmentRegion = English;
			hasScannedForEncodings = 0;
			knownRegions = (
				en,
				Base,
			);
			mainGroup = 6E47749B1A4A0FF6006C0B51;
			productRefGroup = 6E4774A51A4A0FF6006C0B51 /* Products */;
			projectDirPath = "";
			projectRoot = "";
			targets = (
				6E4774A31A4A0FF6006C0B51 /* Pear */,
				6E4774BF1A4A0FF6006C0B51 /* PearTests */,
			);
		};
/* End PBXProject section */

/* Begin PBXResourcesBuildPhase section */
		6E4774A21A4A0FF6006C0B51 /* Resources */ = {
			isa = PBXResourcesBuildPhase;
			buildActionMask = 2147483647;
			files = (
				6E4774BB1A4A0FF6006C0B51 /* LaunchScreen.xib in Resources */,
				6E4774B81A4A0FF6006C0B51 /* Images.xcassets in Resources */,
			);
			runOnlyForDeploymentPostprocessing = 0;
		};
		6E4774BE1A4A0FF6006C0B51 /* Resources */ = {
			isa = PBXResourcesBuildPhase;
			buildActionMask = 2147483647;
			files = (
			);
			runOnlyForDeploymentPostprocessing = 0;
		};
/* End PBXResourcesBuildPhase section */

/* Begin PBXShellScriptBuildPhase section */
		70CE4D0769913E25CA8315DB /* Copy Pods Resources */ = {
			isa = PBXShellScriptBuildPhase;
			buildActionMask = 2147483647;
			files = (
			);
			inputPaths = (
			);
			name = "Copy Pods Resources";
			outputPaths = (
			);
			runOnlyForDeploymentPostprocessing = 0;
			shellPath = /bin/sh;
			shellScript = "\"${SRCROOT}/Pods/Target Support Files/Pods-Pear/Pods-Pear-resources.sh\"\n";
			showEnvVarsInLog = 0;
		};
		D9F25DC4EB0A990B237242BB /* Check Pods Manifest.lock */ = {
			isa = PBXShellScriptBuildPhase;
			buildActionMask = 2147483647;
			files = (
			);
			inputPaths = (
			);
			name = "Check Pods Manifest.lock";
			outputPaths = (
			);
			runOnlyForDeploymentPostprocessing = 0;
			shellPath = /bin/sh;
			shellScript = "diff \"${PODS_ROOT}/../Podfile.lock\" \"${PODS_ROOT}/Manifest.lock\" > /dev/null\nif [[ $? != 0 ]] ; then\n    cat << EOM\nerror: The sandbox is not in sync with the Podfile.lock. Run 'pod install' or update your CocoaPods installation.\nEOM\n    exit 1\nfi\n";
			showEnvVarsInLog = 0;
		};
/* End PBXShellScriptBuildPhase section */

/* Begin PBXSourcesBuildPhase section */
		6E4774A01A4A0FF6006C0B51 /* Sources */ = {
			isa = PBXSourcesBuildPhase;
			buildActionMask = 2147483647;
			files = (
				6E01261B1A4B5C9900FB1736 /* KHAppDelegate.m in Sources */,
				6E0126181A4B5A4400FB1736 /* KHLoginViewController.m in Sources */,
				6E4774AA1A4A0FF6006C0B51 /* main.m in Sources */,
				6E4774B01A4A0FF6006C0B51 /* Pear.xcdatamodeld in Sources */,
			);
			runOnlyForDeploymentPostprocessing = 0;
		};
		6E4774BC1A4A0FF6006C0B51 /* Sources */ = {
			isa = PBXSourcesBuildPhase;
			buildActionMask = 2147483647;
			files = (
				6E4774C71A4A0FF6006C0B51 /* PearTests.m in Sources */,
			);
			runOnlyForDeploymentPostprocessing = 0;
		};
/* End PBXSourcesBuildPhase section */

/* Begin PBXTargetDependency section */
		6E4774C21A4A0FF6006C0B51 /* PBXTargetDependency */ = {
			isa = PBXTargetDependency;
			target = 6E4774A31A4A0FF6006C0B51 /* Pear */;
			targetProxy = 6E4774C11A4A0FF6006C0B51 /* PBXContainerItemProxy */;
		};
/* End PBXTargetDependency section */

/* Begin PBXVariantGroup section */
		6E4774B91A4A0FF6006C0B51 /* LaunchScreen.xib */ = {
			isa = PBXVariantGroup;
			children = (
				6E4774BA1A4A0FF6006C0B51 /* Base */,
			);
			name = LaunchScreen.xib;
			sourceTree = "<group>";
		};
/* End PBXVariantGroup section */

/* Begin XCBuildConfiguration section */
		6E4774C81A4A0FF6006C0B51 /* Debug */ = {
			isa = XCBuildConfiguration;
			buildSettings = {
				ALWAYS_SEARCH_USER_PATHS = NO;
				CLANG_CXX_LANGUAGE_STANDARD = "gnu++0x";
				CLANG_CXX_LIBRARY = "libc++";
				CLANG_ENABLE_MODULES = YES;
				CLANG_ENABLE_OBJC_ARC = YES;
				CLANG_WARN_BOOL_CONVERSION = YES;
				CLANG_WARN_CONSTANT_CONVERSION = YES;
				CLANG_WARN_DIRECT_OBJC_ISA_USAGE = YES_ERROR;
				CLANG_WARN_EMPTY_BODY = YES;
				CLANG_WARN_ENUM_CONVERSION = YES;
				CLANG_WARN_INT_CONVERSION = YES;
				CLANG_WARN_OBJC_ROOT_CLASS = YES_ERROR;
				CLANG_WARN_UNREACHABLE_CODE = YES;
				CLANG_WARN__DUPLICATE_METHOD_MATCH = YES;
				"CODE_SIGN_IDENTITY[sdk=iphoneos*]" = "iPhone Developer";
				COPY_PHASE_STRIP = NO;
				ENABLE_STRICT_OBJC_MSGSEND = YES;
				GCC_C_LANGUAGE_STANDARD = gnu99;
				GCC_DYNAMIC_NO_PIC = NO;
				GCC_OPTIMIZATION_LEVEL = 0;
				GCC_PREPROCESSOR_DEFINITIONS = (
					"DEBUG=1",
					"$(inherited)",
				);
				GCC_SYMBOLS_PRIVATE_EXTERN = NO;
				GCC_WARN_64_TO_32_BIT_CONVERSION = YES;
				GCC_WARN_ABOUT_RETURN_TYPE = YES_ERROR;
				GCC_WARN_UNDECLARED_SELECTOR = YES;
				GCC_WARN_UNINITIALIZED_AUTOS = YES_AGGRESSIVE;
				GCC_WARN_UNUSED_FUNCTION = YES;
				GCC_WARN_UNUSED_VARIABLE = YES;
				IPHONEOS_DEPLOYMENT_TARGET = 8.1;
				MTL_ENABLE_DEBUG_INFO = YES;
				ONLY_ACTIVE_ARCH = YES;
				SDKROOT = iphoneos;
				TARGETED_DEVICE_FAMILY = "1,2";
			};
			name = Debug;
		};
		6E4774C91A4A0FF6006C0B51 /* Release */ = {
			isa = XCBuildConfiguration;
			buildSettings = {
				ALWAYS_SEARCH_USER_PATHS = NO;
				CLANG_CXX_LANGUAGE_STANDARD = "gnu++0x";
				CLANG_CXX_LIBRARY = "libc++";
				CLANG_ENABLE_MODULES = YES;
				CLANG_ENABLE_OBJC_ARC = YES;
				CLANG_WARN_BOOL_CONVERSION = YES;
				CLANG_WARN_CONSTANT_CONVERSION = YES;
				CLANG_WARN_DIRECT_OBJC_ISA_USAGE = YES_ERROR;
				CLANG_WARN_EMPTY_BODY = YES;
				CLANG_WARN_ENUM_CONVERSION = YES;
				CLANG_WARN_INT_CONVERSION = YES;
				CLANG_WARN_OBJC_ROOT_CLASS = YES_ERROR;
				CLANG_WARN_UNREACHABLE_CODE = YES;
				CLANG_WARN__DUPLICATE_METHOD_MATCH = YES;
				"CODE_SIGN_IDENTITY[sdk=iphoneos*]" = "iPhone Developer";
				COPY_PHASE_STRIP = YES;
				ENABLE_NS_ASSERTIONS = NO;
				ENABLE_STRICT_OBJC_MSGSEND = YES;
				GCC_C_LANGUAGE_STANDARD = gnu99;
				GCC_WARN_64_TO_32_BIT_CONVERSION = YES;
				GCC_WARN_ABOUT_RETURN_TYPE = YES_ERROR;
				GCC_WARN_UNDECLARED_SELECTOR = YES;
				GCC_WARN_UNINITIALIZED_AUTOS = YES_AGGRESSIVE;
				GCC_WARN_UNUSED_FUNCTION = YES;
				GCC_WARN_UNUSED_VARIABLE = YES;
				IPHONEOS_DEPLOYMENT_TARGET = 8.1;
				MTL_ENABLE_DEBUG_INFO = NO;
				SDKROOT = iphoneos;
				TARGETED_DEVICE_FAMILY = "1,2";
				VALIDATE_PRODUCT = YES;
			};
			name = Release;
		};
		6E4774CB1A4A0FF6006C0B51 /* Debug */ = {
			isa = XCBuildConfiguration;
			baseConfigurationReference = 9A72AA005E980D96D4DED400 /* Pods-Pear.debug.xcconfig */;
			buildSettings = {
				ASSETCATALOG_COMPILER_APPICON_NAME = AppIcon;
				INFOPLIST_FILE = Pear/Info.plist;
				LD_RUNPATH_SEARCH_PATHS = "$(inherited) @executable_path/Frameworks";
				PRODUCT_NAME = "$(TARGET_NAME)";
			};
			name = Debug;
		};
		6E4774CC1A4A0FF6006C0B51 /* Release */ = {
			isa = XCBuildConfiguration;
			baseConfigurationReference = 6755C4CA65754E2206D13760 /* Pods-Pear.release.xcconfig */;
			buildSettings = {
				ASSETCATALOG_COMPILER_APPICON_NAME = AppIcon;
				INFOPLIST_FILE = Pear/Info.plist;
				LD_RUNPATH_SEARCH_PATHS = "$(inherited) @executable_path/Frameworks";
				PRODUCT_NAME = "$(TARGET_NAME)";
			};
			name = Release;
		};
		6E4774CE1A4A0FF6006C0B51 /* Debug */ = {
			isa = XCBuildConfiguration;
			buildSettings = {
				BUNDLE_LOADER = "$(TEST_HOST)";
				FRAMEWORK_SEARCH_PATHS = (
					"$(SDKROOT)/Developer/Library/Frameworks",
					"$(inherited)",
				);
				GCC_PREPROCESSOR_DEFINITIONS = (
					"DEBUG=1",
					"$(inherited)",
				);
				INFOPLIST_FILE = PearTests/Info.plist;
				LD_RUNPATH_SEARCH_PATHS = "$(inherited) @executable_path/Frameworks @loader_path/Frameworks";
				PRODUCT_NAME = "$(TARGET_NAME)";
				TEST_HOST = "$(BUILT_PRODUCTS_DIR)/Pear.app/Pear";
			};
			name = Debug;
		};
		6E4774CF1A4A0FF6006C0B51 /* Release */ = {
			isa = XCBuildConfiguration;
			buildSettings = {
				BUNDLE_LOADER = "$(TEST_HOST)";
				FRAMEWORK_SEARCH_PATHS = (
					"$(SDKROOT)/Developer/Library/Frameworks",
					"$(inherited)",
				);
				INFOPLIST_FILE = PearTests/Info.plist;
				LD_RUNPATH_SEARCH_PATHS = "$(inherited) @executable_path/Frameworks @loader_path/Frameworks";
				PRODUCT_NAME = "$(TARGET_NAME)";
				TEST_HOST = "$(BUILT_PRODUCTS_DIR)/Pear.app/Pear";
			};
			name = Release;
		};
/* End XCBuildConfiguration section */

/* Begin XCConfigurationList section */
		6E47749F1A4A0FF6006C0B51 /* Build configuration list for PBXProject "Pear" */ = {
			isa = XCConfigurationList;
			buildConfigurations = (
				6E4774C81A4A0FF6006C0B51 /* Debug */,
				6E4774C91A4A0FF6006C0B51 /* Release */,
			);
			defaultConfigurationIsVisible = 0;
			defaultConfigurationName = Release;
		};
		6E4774CA1A4A0FF6006C0B51 /* Build configuration list for PBXNativeTarget "Pear" */ = {
			isa = XCConfigurationList;
			buildConfigurations = (
				6E4774CB1A4A0FF6006C0B51 /* Debug */,
				6E4774CC1A4A0FF6006C0B51 /* Release */,
			);
			defaultConfigurationIsVisible = 0;
			defaultConfigurationName = Release;
		};
		6E4774CD1A4A0FF6006C0B51 /* Build configuration list for PBXNativeTarget "PearTests" */ = {
			isa = XCConfigurationList;
			buildConfigurations = (
				6E4774CE1A4A0FF6006C0B51 /* Debug */,
				6E4774CF1A4A0FF6006C0B51 /* Release */,
			);
			defaultConfigurationIsVisible = 0;
			defaultConfigurationName = Release;
		};
/* End XCConfigurationList section */

/* Begin XCVersionGroup section */
		6E4774AE1A4A0FF6006C0B51 /* Pear.xcdatamodeld */ = {
			isa = XCVersionGroup;
			children = (
				6E4774AF1A4A0FF6006C0B51 /* Pear.xcdatamodel */,
			);
			currentVersion = 6E4774AF1A4A0FF6006C0B51 /* Pear.xcdatamodel */;
			path = Pear.xcdatamodeld;
			sourceTree = "<group>";
			versionGroupType = wrapper.xcdatamodel;
		};
/* End XCVersionGroup section */
	};
	rootObject = 6E47749C1A4A0FF6006C0B51 /* Project object */;
}
