// !$*UTF8*$!
{
	archiveVersion = 1;
	classes = {
	};
	objectVersion = 46;
	objects = {

/* Begin PBXBuildFile section */
		6E0126181A4B5A4400FB1736 /* KHLoginViewController.m in Sources */ = {isa = PBXBuildFile; fileRef = 6E0126171A4B5A4400FB1736 /* KHLoginViewController.m */; };
		6E01261B1A4B5C9900FB1736 /* KHAppDelegate.m in Sources */ = {isa = PBXBuildFile; fileRef = 6E01261A1A4B5C9900FB1736 /* KHAppDelegate.m */; };
		6E01261F1A4B623B00FB1736 /* KHLoginView.m in Sources */ = {isa = PBXBuildFile; fileRef = 6E01261E1A4B623B00FB1736 /* KHLoginView.m */; };
		6E0126231A523F3E00FB1736 /* UIColor+KHHexString.m in Sources */ = {isa = PBXBuildFile; fileRef = 6E0126221A523F3E00FB1736 /* UIColor+KHHexString.m */; };
		6E0126261A52432600FB1736 /* UIImage+KHAdditions.m in Sources */ = {isa = PBXBuildFile; fileRef = 6E0126251A52432600FB1736 /* UIImage+KHAdditions.m */; };
		6E01262A1A528DD700FB1736 /* KHSignUpViewController.m in Sources */ = {isa = PBXBuildFile; fileRef = 6E0126291A528DD700FB1736 /* KHSignUpViewController.m */; };
		6E0126311A528EC500FB1736 /* KHSignUpView.m in Sources */ = {isa = PBXBuildFile; fileRef = 6E0126301A528EC500FB1736 /* KHSignUpView.m */; };
		6E0126361A589A2D00FB1736 /* KHHouseChoresViewController.m in Sources */ = {isa = PBXBuildFile; fileRef = 6E0126351A589A2D00FB1736 /* KHHouseChoresViewController.m */; };
		6E0126391A59FDA800FB1736 /* KHChoreViewController.m in Sources */ = {isa = PBXBuildFile; fileRef = 6E0126381A59FDA800FB1736 /* KHChoreViewController.m */; };
		6E2F97F31A9EDA07009E66B6 /* KHFeatureIntroductionDataSource.m in Sources */ = {isa = PBXBuildFile; fileRef = 6E2F97F21A9EDA07009E66B6 /* KHFeatureIntroductionDataSource.m */; };
		6E2F97F71A9EDBC2009E66B6 /* KHFeatureIntroductionContent.m in Sources */ = {isa = PBXBuildFile; fileRef = 6E2F97F61A9EDBC2009E66B6 /* KHFeatureIntroductionContent.m */; };
		6E2F98081AA43541009E66B6 /* UIFont+KHAdditions.m in Sources */ = {isa = PBXBuildFile; fileRef = 6E2F98071AA43541009E66B6 /* UIFont+KHAdditions.m */; };
		6E2F980D1AA56D0F009E66B6 /* Lato-Bold.ttf in Resources */ = {isa = PBXBuildFile; fileRef = 6E2F980A1AA56D0F009E66B6 /* Lato-Bold.ttf */; };
		6E2F980E1AA56D0F009E66B6 /* Lato-Italic.ttf in Resources */ = {isa = PBXBuildFile; fileRef = 6E2F980B1AA56D0F009E66B6 /* Lato-Italic.ttf */; };
		6E2F980F1AA56D0F009E66B6 /* Lato-Regular.ttf in Resources */ = {isa = PBXBuildFile; fileRef = 6E2F980C1AA56D0F009E66B6 /* Lato-Regular.ttf */; };
		6E4774AA1A4A0FF6006C0B51 /* main.m in Sources */ = {isa = PBXBuildFile; fileRef = 6E4774A91A4A0FF6006C0B51 /* main.m */; };
		6E4774B01A4A0FF6006C0B51 /* Pear.xcdatamodeld in Sources */ = {isa = PBXBuildFile; fileRef = 6E4774AE1A4A0FF6006C0B51 /* Pear.xcdatamodeld */; };
		6E4774B81A4A0FF6006C0B51 /* Images.xcassets in Resources */ = {isa = PBXBuildFile; fileRef = 6E4774B71A4A0FF6006C0B51 /* Images.xcassets */; };
		6E4774BB1A4A0FF6006C0B51 /* LaunchScreen.xib in Resources */ = {isa = PBXBuildFile; fileRef = 6E4774B91A4A0FF6006C0B51 /* LaunchScreen.xib */; };
		6E4774C71A4A0FF6006C0B51 /* PearTests.m in Sources */ = {isa = PBXBuildFile; fileRef = 6E4774C61A4A0FF6006C0B51 /* PearTests.m */; };
		6E5B3F641A8216D20091A556 /* KHLoginDataManager.m in Sources */ = {isa = PBXBuildFile; fileRef = 6E5B3F631A8216D20091A556 /* KHLoginDataManager.m */; };
		6E5B3F731A85BD520091A556 /* KHAPIManager.m in Sources */ = {isa = PBXBuildFile; fileRef = 6E5B3F721A85BD520091A556 /* KHAPIManager.m */; };
		6E7D17081A886073000502BE /* KHRegisterDataManager.m in Sources */ = {isa = PBXBuildFile; fileRef = 6E7D17071A886073000502BE /* KHRegisterDataManager.m */; };
		6E7D17301A89B290000502BE /* KHFeatureIntroViewController.m in Sources */ = {isa = PBXBuildFile; fileRef = 6E7D172F1A89B290000502BE /* KHFeatureIntroViewController.m */; };
		6E7D17331A89B4EA000502BE /* KHFeatureIntroContentViewController.m in Sources */ = {isa = PBXBuildFile; fileRef = 6E7D17321A89B4EA000502BE /* KHFeatureIntroContentViewController.m */; };
		6E7D17381A89BA09000502BE /* KHFeatureIntroView.m in Sources */ = {isa = PBXBuildFile; fileRef = 6E7D17371A89BA09000502BE /* KHFeatureIntroView.m */; };
		FA86218CF970EBDEB3E15DB5 /* libPods-Pear.a in Frameworks */ = {isa = PBXBuildFile; fileRef = 49A6C5F3E5496E410A11EA1F /* libPods-Pear.a */; };
/* End PBXBuildFile section */

/* Begin PBXContainerItemProxy section */
		6E4774C11A4A0FF6006C0B51 /* PBXContainerItemProxy */ = {
			isa = PBXContainerItemProxy;
			containerPortal = 6E47749C1A4A0FF6006C0B51 /* Project object */;
			proxyType = 1;
			remoteGlobalIDString = 6E4774A31A4A0FF6006C0B51;
			remoteInfo = Pear;
		};
/* End PBXContainerItemProxy section */

/* Begin PBXFileReference section */
		49A6C5F3E5496E410A11EA1F /* libPods-Pear.a */ = {isa = PBXFileReference; explicitFileType = archive.ar; includeInIndex = 0; path = "libPods-Pear.a"; sourceTree = BUILT_PRODUCTS_DIR; };
		6755C4CA65754E2206D13760 /* Pods-Pear.release.xcconfig */ = {isa = PBXFileReference; includeInIndex = 1; lastKnownFileType = text.xcconfig; name = "Pods-Pear.release.xcconfig"; path = "Pods/Target Support Files/Pods-Pear/Pods-Pear.release.xcconfig"; sourceTree = "<group>"; };
		6E0126161A4B5A4400FB1736 /* KHLoginViewController.h */ = {isa = PBXFileReference; fileEncoding = 4; lastKnownFileType = sourcecode.c.h; path = KHLoginViewController.h; sourceTree = "<group>"; };
		6E0126171A4B5A4400FB1736 /* KHLoginViewController.m */ = {isa = PBXFileReference; fileEncoding = 4; lastKnownFileType = sourcecode.c.objc; path = KHLoginViewController.m; sourceTree = "<group>"; };
		6E0126191A4B5C9900FB1736 /* KHAppDelegate.h */ = {isa = PBXFileReference; fileEncoding = 4; lastKnownFileType = sourcecode.c.h; path = KHAppDelegate.h; sourceTree = "<group>"; };
		6E01261A1A4B5C9900FB1736 /* KHAppDelegate.m */ = {isa = PBXFileReference; fileEncoding = 4; lastKnownFileType = sourcecode.c.objc; path = KHAppDelegate.m; sourceTree = "<group>"; };
		6E01261D1A4B623B00FB1736 /* KHLoginView.h */ = {isa = PBXFileReference; fileEncoding = 4; lastKnownFileType = sourcecode.c.h; path = KHLoginView.h; sourceTree = "<group>"; };
		6E01261E1A4B623B00FB1736 /* KHLoginView.m */ = {isa = PBXFileReference; fileEncoding = 4; lastKnownFileType = sourcecode.c.objc; path = KHLoginView.m; sourceTree = "<group>"; };
		6E0126211A523F3E00FB1736 /* UIColor+KHHexString.h */ = {isa = PBXFileReference; fileEncoding = 4; lastKnownFileType = sourcecode.c.h; path = "UIColor+KHHexString.h"; sourceTree = "<group>"; };
		6E0126221A523F3E00FB1736 /* UIColor+KHHexString.m */ = {isa = PBXFileReference; fileEncoding = 4; lastKnownFileType = sourcecode.c.objc; path = "UIColor+KHHexString.m"; sourceTree = "<group>"; };
		6E0126241A52432600FB1736 /* UIImage+KHAdditions.h */ = {isa = PBXFileReference; fileEncoding = 4; lastKnownFileType = sourcecode.c.h; path = "UIImage+KHAdditions.h"; sourceTree = "<group>"; };
		6E0126251A52432600FB1736 /* UIImage+KHAdditions.m */ = {isa = PBXFileReference; fileEncoding = 4; lastKnownFileType = sourcecode.c.objc; path = "UIImage+KHAdditions.m"; sourceTree = "<group>"; };
		6E0126281A528DD700FB1736 /* KHSignUpViewController.h */ = {isa = PBXFileReference; fileEncoding = 4; lastKnownFileType = sourcecode.c.h; path = KHSignUpViewController.h; sourceTree = "<group>"; };
		6E0126291A528DD700FB1736 /* KHSignUpViewController.m */ = {isa = PBXFileReference; fileEncoding = 4; lastKnownFileType = sourcecode.c.objc; path = KHSignUpViewController.m; sourceTree = "<group>"; };
		6E01262F1A528EC500FB1736 /* KHSignUpView.h */ = {isa = PBXFileReference; fileEncoding = 4; lastKnownFileType = sourcecode.c.h; path = KHSignUpView.h; sourceTree = "<group>"; };
		6E0126301A528EC500FB1736 /* KHSignUpView.m */ = {isa = PBXFileReference; fileEncoding = 4; lastKnownFileType = sourcecode.c.objc; path = KHSignUpView.m; sourceTree = "<group>"; };
		6E0126341A589A2D00FB1736 /* KHHouseChoresViewController.h */ = {isa = PBXFileReference; fileEncoding = 4; lastKnownFileType = sourcecode.c.h; path = KHHouseChoresViewController.h; sourceTree = "<group>"; };
		6E0126351A589A2D00FB1736 /* KHHouseChoresViewController.m */ = {isa = PBXFileReference; fileEncoding = 4; lastKnownFileType = sourcecode.c.objc; path = KHHouseChoresViewController.m; sourceTree = "<group>"; };
		6E0126371A59FDA800FB1736 /* KHChoreViewController.h */ = {isa = PBXFileReference; fileEncoding = 4; lastKnownFileType = sourcecode.c.h; path = KHChoreViewController.h; sourceTree = "<group>"; };
		6E0126381A59FDA800FB1736 /* KHChoreViewController.m */ = {isa = PBXFileReference; fileEncoding = 4; lastKnownFileType = sourcecode.c.objc; path = KHChoreViewController.m; sourceTree = "<group>"; };
		6E2F97F11A9EDA07009E66B6 /* KHFeatureIntroductionDataSource.h */ = {isa = PBXFileReference; fileEncoding = 4; lastKnownFileType = sourcecode.c.h; path = KHFeatureIntroductionDataSource.h; sourceTree = "<group>"; };
		6E2F97F21A9EDA07009E66B6 /* KHFeatureIntroductionDataSource.m */ = {isa = PBXFileReference; fileEncoding = 4; lastKnownFileType = sourcecode.c.objc; path = KHFeatureIntroductionDataSource.m; sourceTree = "<group>"; };
		6E2F97F51A9EDBC2009E66B6 /* KHFeatureIntroductionContent.h */ = {isa = PBXFileReference; fileEncoding = 4; lastKnownFileType = sourcecode.c.h; path = KHFeatureIntroductionContent.h; sourceTree = "<group>"; };
		6E2F97F61A9EDBC2009E66B6 /* KHFeatureIntroductionContent.m */ = {isa = PBXFileReference; fileEncoding = 4; lastKnownFileType = sourcecode.c.objc; path = KHFeatureIntroductionContent.m; sourceTree = "<group>"; };
		6E2F98061AA43541009E66B6 /* UIFont+KHAdditions.h */ = {isa = PBXFileReference; fileEncoding = 4; lastKnownFileType = sourcecode.c.h; path = "UIFont+KHAdditions.h"; sourceTree = "<group>"; };
		6E2F98071AA43541009E66B6 /* UIFont+KHAdditions.m */ = {isa = PBXFileReference; fileEncoding = 4; lastKnownFileType = sourcecode.c.objc; path = "UIFont+KHAdditions.m"; sourceTree = "<group>"; };
		6E2F980A1AA56D0F009E66B6 /* Lato-Bold.ttf */ = {isa = PBXFileReference; lastKnownFileType = file; path = "Lato-Bold.ttf"; sourceTree = "<group>"; };
		6E2F980B1AA56D0F009E66B6 /* Lato-Italic.ttf */ = {isa = PBXFileReference; lastKnownFileType = file; path = "Lato-Italic.ttf"; sourceTree = "<group>"; };
		6E2F980C1AA56D0F009E66B6 /* Lato-Regular.ttf */ = {isa = PBXFileReference; lastKnownFileType = file; path = "Lato-Regular.ttf"; sourceTree = "<group>"; };
		6E4774A41A4A0FF6006C0B51 /* Pear.app */ = {isa = PBXFileReference; explicitFileType = wrapper.application; includeInIndex = 0; path = Pear.app; sourceTree = BUILT_PRODUCTS_DIR; };
		6E4774A81A4A0FF6006C0B51 /* Info.plist */ = {isa = PBXFileReference; lastKnownFileType = text.plist.xml; path = Info.plist; sourceTree = "<group>"; };
		6E4774A91A4A0FF6006C0B51 /* main.m */ = {isa = PBXFileReference; lastKnownFileType = sourcecode.c.objc; path = main.m; sourceTree = "<group>"; };
		6E4774AF1A4A0FF6006C0B51 /* Pear.xcdatamodel */ = {isa = PBXFileReference; lastKnownFileType = wrapper.xcdatamodel; path = Pear.xcdatamodel; sourceTree = "<group>"; };
		6E4774B71A4A0FF6006C0B51 /* Images.xcassets */ = {isa = PBXFileReference; lastKnownFileType = folder.assetcatalog; path = Images.xcassets; sourceTree = "<group>"; };
		6E4774BA1A4A0FF6006C0B51 /* Base */ = {isa = PBXFileReference; lastKnownFileType = file.xib; name = Base; path = Base.lproj/LaunchScreen.xib; sourceTree = "<group>"; };
		6E4774C01A4A0FF6006C0B51 /* PearTests.xctest */ = {isa = PBXFileReference; explicitFileType = wrapper.cfbundle; includeInIndex = 0; path = PearTests.xctest; sourceTree = BUILT_PRODUCTS_DIR; };
		6E4774C51A4A0FF6006C0B51 /* Info.plist */ = {isa = PBXFileReference; lastKnownFileType = text.plist.xml; path = Info.plist; sourceTree = "<group>"; };
		6E4774C61A4A0FF6006C0B51 /* PearTests.m */ = {isa = PBXFileReference; lastKnownFileType = sourcecode.c.objc; path = PearTests.m; sourceTree = "<group>"; };
		6E5B3F621A8216D20091A556 /* KHLoginDataManager.h */ = {isa = PBXFileReference; fileEncoding = 4; lastKnownFileType = sourcecode.c.h; path = KHLoginDataManager.h; sourceTree = "<group>"; };
		6E5B3F631A8216D20091A556 /* KHLoginDataManager.m */ = {isa = PBXFileReference; fileEncoding = 4; lastKnownFileType = sourcecode.c.objc; path = KHLoginDataManager.m; sourceTree = "<group>"; };
		6E5B3F651A82176F0091A556 /* KHLoginDataManagerDelegate.h */ = {isa = PBXFileReference; fileEncoding = 4; lastKnownFileType = sourcecode.c.h; path = KHLoginDataManagerDelegate.h; sourceTree = "<group>"; };
		6E5B3F711A85BD520091A556 /* KHAPIManager.h */ = {isa = PBXFileReference; fileEncoding = 4; lastKnownFileType = sourcecode.c.h; path = KHAPIManager.h; sourceTree = "<group>"; };
		6E5B3F721A85BD520091A556 /* KHAPIManager.m */ = {isa = PBXFileReference; fileEncoding = 4; lastKnownFileType = sourcecode.c.objc; path = KHAPIManager.m; sourceTree = "<group>"; };
		6E7D17061A886073000502BE /* KHRegisterDataManager.h */ = {isa = PBXFileReference; fileEncoding = 4; lastKnownFileType = sourcecode.c.h; path = KHRegisterDataManager.h; sourceTree = "<group>"; };
		6E7D17071A886073000502BE /* KHRegisterDataManager.m */ = {isa = PBXFileReference; fileEncoding = 4; lastKnownFileType = sourcecode.c.objc; path = KHRegisterDataManager.m; sourceTree = "<group>"; };
		6E7D17091A8860DA000502BE /* KHRegisterDataManagerDelegate.h */ = {isa = PBXFileReference; fileEncoding = 4; lastKnownFileType = sourcecode.c.h; path = KHRegisterDataManagerDelegate.h; sourceTree = "<group>"; };
		6E7D172E1A89B290000502BE /* KHFeatureIntroViewController.h */ = {isa = PBXFileReference; fileEncoding = 4; lastKnownFileType = sourcecode.c.h; path = KHFeatureIntroViewController.h; sourceTree = "<group>"; };
		6E7D172F1A89B290000502BE /* KHFeatureIntroViewController.m */ = {isa = PBXFileReference; fileEncoding = 4; lastKnownFileType = sourcecode.c.objc; path = KHFeatureIntroViewController.m; sourceTree = "<group>"; };
		6E7D17311A89B4EA000502BE /* KHFeatureIntroContentViewController.h */ = {isa = PBXFileReference; fileEncoding = 4; lastKnownFileType = sourcecode.c.h; path = KHFeatureIntroContentViewController.h; sourceTree = "<group>"; };
		6E7D17321A89B4EA000502BE /* KHFeatureIntroContentViewController.m */ = {isa = PBXFileReference; fileEncoding = 4; lastKnownFileType = sourcecode.c.objc; path = KHFeatureIntroContentViewController.m; sourceTree = "<group>"; };
		6E7D17341A89B696000502BE /* KHFeatureIntroductionProtocol.h */ = {isa = PBXFileReference; fileEncoding = 4; lastKnownFileType = sourcecode.c.h; path = KHFeatureIntroductionProtocol.h; sourceTree = "<group>"; };
		6E7D17361A89BA09000502BE /* KHFeatureIntroView.h */ = {isa = PBXFileReference; fileEncoding = 4; lastKnownFileType = sourcecode.c.h; path = KHFeatureIntroView.h; sourceTree = "<group>"; };
		6E7D17371A89BA09000502BE /* KHFeatureIntroView.m */ = {isa = PBXFileReference; fileEncoding = 4; lastKnownFileType = sourcecode.c.objc; path = KHFeatureIntroView.m; sourceTree = "<group>"; };
		9A72AA005E980D96D4DED400 /* Pods-Pear.debug.xcconfig */ = {isa = PBXFileReference; includeInIndex = 1; lastKnownFileType = text.xcconfig; name = "Pods-Pear.debug.xcconfig"; path = "Pods/Target Support Files/Pods-Pear/Pods-Pear.debug.xcconfig"; sourceTree = "<group>"; };
/* End PBXFileReference section */

/* Begin PBXFrameworksBuildPhase section */
		6E4774A11A4A0FF6006C0B51 /* Frameworks */ = {
			isa = PBXFrameworksBuildPhase;
			buildActionMask = 2147483647;
			files = (
				FA86218CF970EBDEB3E15DB5 /* libPods-Pear.a in Frameworks */,
			);
			runOnlyForDeploymentPostprocessing = 0;
		};
		6E4774BD1A4A0FF6006C0B51 /* Frameworks */ = {
			isa = PBXFrameworksBuildPhase;
			buildActionMask = 2147483647;
			files = (
			);
			runOnlyForDeploymentPostprocessing = 0;
		};
/* End PBXFrameworksBuildPhase section */

/* Begin PBXGroup section */
		6E0126151A4B5A1200FB1736 /* View Controllers */ = {
			isa = PBXGroup;
			children = (
				6E0126321A589A0500FB1736 /* Chores */,
			);
			name = "View Controllers";
			sourceTree = "<group>";
		};
		6E01261C1A4B622600FB1736 /* Views */ = {
			isa = PBXGroup;
			children = (
				6E0126331A589A1100FB1736 /* Chores */,
			);
			name = Views;
			sourceTree = "<group>";
		};
		6E0126201A523EC600FB1736 /* Categories */ = {
			isa = PBXGroup;
			children = (
				6E0126211A523F3E00FB1736 /* UIColor+KHHexString.h */,
				6E0126221A523F3E00FB1736 /* UIColor+KHHexString.m */,
				6E0126241A52432600FB1736 /* UIImage+KHAdditions.h */,
				6E0126251A52432600FB1736 /* UIImage+KHAdditions.m */,
				6E2F98061AA43541009E66B6 /* UIFont+KHAdditions.h */,
				6E2F98071AA43541009E66B6 /* UIFont+KHAdditions.m */,
			);
			name = Categories;
			sourceTree = "<group>";
		};
		6E0126321A589A0500FB1736 /* Chores */ = {
			isa = PBXGroup;
			children = (
				6E0126341A589A2D00FB1736 /* KHHouseChoresViewController.h */,
				6E0126351A589A2D00FB1736 /* KHHouseChoresViewController.m */,
				6E0126371A59FDA800FB1736 /* KHChoreViewController.h */,
				6E0126381A59FDA800FB1736 /* KHChoreViewController.m */,
			);
			name = Chores;
			sourceTree = "<group>";
		};
		6E0126331A589A1100FB1736 /* Chores */ = {
			isa = PBXGroup;
			children = (
			);
			name = Chores;
			sourceTree = "<group>";
		};
		6E2F97E91A9D9F52009E66B6 /* Modules */ = {
			isa = PBXGroup;
			children = (
				6E2F97EA1A9D9F5D009E66B6 /* Feature Introduction */,
				6E3175C51AA823C100BF9708 /* Login */,
				6E3175C61AA823C800BF9708 /* Register */,
			);
			name = Modules;
			sourceTree = "<group>";
		};
		6E2F97EA1A9D9F5D009E66B6 /* Feature Introduction */ = {
			isa = PBXGroup;
			children = (
				6E2F97F41A9EDA43009E66B6 /* Images */,
				6E2F97F01A9ED9E2009E66B6 /* Data Manager */,
				6E2F97EF1A9ED9CF009E66B6 /* ViewModel */,
				6E2F97EB1A9D9F68009E66B6 /* Views */,
			);
			name = "Feature Introduction";
			sourceTree = "<group>";
		};
		6E2F97EB1A9D9F68009E66B6 /* Views */ = {
			isa = PBXGroup;
			children = (
				6E7D17311A89B4EA000502BE /* KHFeatureIntroContentViewController.h */,
				6E7D17321A89B4EA000502BE /* KHFeatureIntroContentViewController.m */,
				6E7D17341A89B696000502BE /* KHFeatureIntroductionProtocol.h */,
				6E7D17361A89BA09000502BE /* KHFeatureIntroView.h */,
				6E7D17371A89BA09000502BE /* KHFeatureIntroView.m */,
				6E7D172E1A89B290000502BE /* KHFeatureIntroViewController.h */,
				6E7D172F1A89B290000502BE /* KHFeatureIntroViewController.m */,
			);
			name = Views;
			sourceTree = "<group>";
		};
		6E2F97EF1A9ED9CF009E66B6 /* ViewModel */ = {
			isa = PBXGroup;
			children = (
			);
			name = ViewModel;
			sourceTree = "<group>";
		};
		6E2F97F01A9ED9E2009E66B6 /* Data Manager */ = {
			isa = PBXGroup;
			children = (
				6E2F97F11A9EDA07009E66B6 /* KHFeatureIntroductionDataSource.h */,
				6E2F97F21A9EDA07009E66B6 /* KHFeatureIntroductionDataSource.m */,
				6E2F97F51A9EDBC2009E66B6 /* KHFeatureIntroductionContent.h */,
				6E2F97F61A9EDBC2009E66B6 /* KHFeatureIntroductionContent.m */,
			);
			name = "Data Manager";
			sourceTree = "<group>";
		};
		6E2F97F41A9EDA43009E66B6 /* Images */ = {
			isa = PBXGroup;
			children = (
			);
			name = Images;
			sourceTree = "<group>";
		};
		6E2F98091AA56CD9009E66B6 /* Fonts */ = {
			isa = PBXGroup;
			children = (
				6E2F980A1AA56D0F009E66B6 /* Lato-Bold.ttf */,
				6E2F980B1AA56D0F009E66B6 /* Lato-Italic.ttf */,
				6E2F980C1AA56D0F009E66B6 /* Lato-Regular.ttf */,
			);
			name = Fonts;
			sourceTree = "<group>";
		};
		6E3175C51AA823C100BF9708 /* Login */ = {
			isa = PBXGroup;
			children = (
				6E3175C81AA823E000BF9708 /* Data Manager */,
				6E3175C91AA8240500BF9708 /* Views */,
			);
			name = Login;
			sourceTree = "<group>";
		};
		6E3175C61AA823C800BF9708 /* Register */ = {
			isa = PBXGroup;
			children = (
				6E3175C71AA823D500BF9708 /* Data Manager */,
				6E3175CA1AA8241B00BF9708 /* Views */,
			);
			name = Register;
			sourceTree = "<group>";
		};
		6E3175C71AA823D500BF9708 /* Data Manager */ = {
			isa = PBXGroup;
			children = (
				6E7D17061A886073000502BE /* KHRegisterDataManager.h */,
				6E7D17071A886073000502BE /* KHRegisterDataManager.m */,
				6E7D17091A8860DA000502BE /* KHRegisterDataManagerDelegate.h */,
			);
			name = "Data Manager";
			sourceTree = "<group>";
		};
		6E3175C81AA823E000BF9708 /* Data Manager */ = {
			isa = PBXGroup;
			children = (
				6E5B3F621A8216D20091A556 /* KHLoginDataManager.h */,
				6E5B3F631A8216D20091A556 /* KHLoginDataManager.m */,
				6E5B3F651A82176F0091A556 /* KHLoginDataManagerDelegate.h */,
			);
			name = "Data Manager";
			sourceTree = "<group>";
		};
		6E3175C91AA8240500BF9708 /* Views */ = {
			isa = PBXGroup;
			children = (
				6E01261D1A4B623B00FB1736 /* KHLoginView.h */,
				6E01261E1A4B623B00FB1736 /* KHLoginView.m */,
				6E0126161A4B5A4400FB1736 /* KHLoginViewController.h */,
				6E0126171A4B5A4400FB1736 /* KHLoginViewController.m */,
			);
			name = Views;
			sourceTree = "<group>";
		};
		6E3175CA1AA8241B00BF9708 /* Views */ = {
			isa = PBXGroup;
			children = (
				6E01262F1A528EC500FB1736 /* KHSignUpView.h */,
				6E0126301A528EC500FB1736 /* KHSignUpView.m */,
				6E0126281A528DD700FB1736 /* KHSignUpViewController.h */,
				6E0126291A528DD700FB1736 /* KHSignUpViewController.m */,
			);
			name = Views;
			sourceTree = "<group>";
		};
		6E47749B1A4A0FF6006C0B51 = {
			isa = PBXGroup;
			children = (
				6E4774A61A4A0FF6006C0B51 /* Pear */,
				6E4774C31A4A0FF6006C0B51 /* PearTests */,
				6E4774A51A4A0FF6006C0B51 /* Products */,
				7608088087C55120025A036E /* Pods */,
				B38984B1BFA3D23BA0829C6F /* Frameworks */,
			);
			sourceTree = "<group>";
		};
		6E4774A51A4A0FF6006C0B51 /* Products */ = {
			isa = PBXGroup;
			children = (
				6E4774A41A4A0FF6006C0B51 /* Pear.app */,
				6E4774C01A4A0FF6006C0B51 /* PearTests.xctest */,
			);
			name = Products;
			sourceTree = "<group>";
		};
		6E4774A61A4A0FF6006C0B51 /* Pear */ = {
			isa = PBXGroup;
			children = (
				6E0126201A523EC600FB1736 /* Categories */,
				6E5B3F601A82168E0091A556 /* Data Manager */,
				6E2F98091AA56CD9009E66B6 /* Fonts */,
				6E4774B71A4A0FF6006C0B51 /* Images.xcassets */,
				6E0126191A4B5C9900FB1736 /* KHAppDelegate.h */,
				6E01261A1A4B5C9900FB1736 /* KHAppDelegate.m */,
				6E4774B91A4A0FF6006C0B51 /* LaunchScreen.xib */,
				6E2F97E91A9D9F52009E66B6 /* Modules */,
				6E4774AE1A4A0FF6006C0B51 /* Pear.xcdatamodeld */,
				6E4774A71A4A0FF6006C0B51 /* Supporting Files */,
				6E0126151A4B5A1200FB1736 /* View Controllers */,
				6E01261C1A4B622600FB1736 /* Views */,
			);
			path = Pear;
			sourceTree = "<group>";
		};
		6E4774A71A4A0FF6006C0B51 /* Supporting Files */ = {
			isa = PBXGroup;
			children = (
				6E4774A81A4A0FF6006C0B51 /* Info.plist */,
				6E4774A91A4A0FF6006C0B51 /* main.m */,
			);
			name = "Supporting Files";
			sourceTree = "<group>";
		};
		6E4774C31A4A0FF6006C0B51 /* PearTests */ = {
			isa = PBXGroup;
			children = (
				6E4774C61A4A0FF6006C0B51 /* PearTests.m */,
				6E4774C41A4A0FF6006C0B51 /* Supporting Files */,
			);
			path = PearTests;
			sourceTree = "<group>";
		};
		6E4774C41A4A0FF6006C0B51 /* Supporting Files */ = {
			isa = PBXGroup;
			children = (
				6E4774C51A4A0FF6006C0B51 /* Info.plist */,
			);
			name = "Supporting Files";
			sourceTree = "<group>";
		};
		6E5B3F601A82168E0091A556 /* Data Manager */ = {
			isa = PBXGroup;
			children = (
				6E5B3F701A85BD2E0091A556 /* Base API */,
			);
			name = "Data Manager";
			sourceTree = "<group>";
		};
		6E5B3F701A85BD2E0091A556 /* Base API */ = {
			isa = PBXGroup;
			children = (
				6E5B3F711A85BD520091A556 /* KHAPIManager.h */,
				6E5B3F721A85BD520091A556 /* KHAPIManager.m */,
			);
			name = "Base API";
			sourceTree = "<group>";
		};
		7608088087C55120025A036E /* Pods */ = {
			isa = PBXGroup;
			children = (
				9A72AA005E980D96D4DED400 /* Pods-Pear.debug.xcconfig */,
				6755C4CA65754E2206D13760 /* Pods-Pear.release.xcconfig */,
			);
			name = Pods;
			sourceTree = "<group>";
		};
		B38984B1BFA3D23BA0829C6F /* Frameworks */ = {
			isa = PBXGroup;
			children = (
				49A6C5F3E5496E410A11EA1F /* libPods-Pear.a */,
			);
			name = Frameworks;
			sourceTree = "<group>";
		};
/* End PBXGroup section */

/* Begin PBXNativeTarget section */
		6E4774A31A4A0FF6006C0B51 /* Pear */ = {
			isa = PBXNativeTarget;
			buildConfigurationList = 6E4774CA1A4A0FF6006C0B51 /* Build configuration list for PBXNativeTarget "Pear" */;
			buildPhases = (
				D9F25DC4EB0A990B237242BB /* Check Pods Manifest.lock */,
				6E4774A01A4A0FF6006C0B51 /* Sources */,
				6E4774A11A4A0FF6006C0B51 /* Frameworks */,
				6E4774A21A4A0FF6006C0B51 /* Resources */,
				70CE4D0769913E25CA8315DB /* Copy Pods Resources */,
			);
			buildRules = (
			);
			dependencies = (
			);
			name = Pear;
			productName = Pear;
			productReference = 6E4774A41A4A0FF6006C0B51 /* Pear.app */;
			productType = "com.apple.product-type.application";
		};
		6E4774BF1A4A0FF6006C0B51 /* PearTests */ = {
			isa = PBXNativeTarget;
			buildConfigurationList = 6E4774CD1A4A0FF6006C0B51 /* Build configuration list for PBXNativeTarget "PearTests" */;
			buildPhases = (
				6E4774BC1A4A0FF6006C0B51 /* Sources */,
				6E4774BD1A4A0FF6006C0B51 /* Frameworks */,
				6E4774BE1A4A0FF6006C0B51 /* Resources */,
			);
			buildRules = (
			);
			dependencies = (
				6E4774C21A4A0FF6006C0B51 /* PBXTargetDependency */,
			);
			name = PearTests;
			productName = PearTests;
			productReference = 6E4774C01A4A0FF6006C0B51 /* PearTests.xctest */;
			productType = "com.apple.product-type.bundle.unit-test";
		};
/* End PBXNativeTarget section */

/* Begin PBXProject section */
		6E47749C1A4A0FF6006C0B51 /* Project object */ = {
			isa = PBXProject;
			attributes = {
				LastUpgradeCheck = 0610;
				ORGANIZATIONNAME = "Kevin Hwang";
				TargetAttributes = {
					6E4774A31A4A0FF6006C0B51 = {
						CreatedOnToolsVersion = 6.1.1;
					};
					6E4774BF1A4A0FF6006C0B51 = {
						CreatedOnToolsVersion = 6.1.1;
						TestTargetID = 6E4774A31A4A0FF6006C0B51;
					};
				};
			};
			buildConfigurationList = 6E47749F1A4A0FF6006C0B51 /* Build configuration list for PBXProject "Pear" */;
			compatibilityVersion = "Xcode 3.2";
			developmentRegion = English;
			hasScannedForEncodings = 0;
			knownRegions = (
				en,
				Base,
			);
			mainGroup = 6E47749B1A4A0FF6006C0B51;
			productRefGroup = 6E4774A51A4A0FF6006C0B51 /* Products */;
			projectDirPath = "";
			projectRoot = "";
			targets = (
				6E4774A31A4A0FF6006C0B51 /* Pear */,
				6E4774BF1A4A0FF6006C0B51 /* PearTests */,
			);
		};
/* End PBXProject section */

/* Begin PBXResourcesBuildPhase section */
		6E4774A21A4A0FF6006C0B51 /* Resources */ = {
			isa = PBXResourcesBuildPhase;
			buildActionMask = 2147483647;
			files = (
				6E4774BB1A4A0FF6006C0B51 /* LaunchScreen.xib in Resources */,
				6E2F980D1AA56D0F009E66B6 /* Lato-Bold.ttf in Resources */,
				6E2F980F1AA56D0F009E66B6 /* Lato-Regular.ttf in Resources */,
				6E2F980E1AA56D0F009E66B6 /* Lato-Italic.ttf in Resources */,
				6E4774B81A4A0FF6006C0B51 /* Images.xcassets in Resources */,
			);
			runOnlyForDeploymentPostprocessing = 0;
		};
		6E4774BE1A4A0FF6006C0B51 /* Resources */ = {
			isa = PBXResourcesBuildPhase;
			buildActionMask = 2147483647;
			files = (
			);
			runOnlyForDeploymentPostprocessing = 0;
		};
/* End PBXResourcesBuildPhase section */

/* Begin PBXShellScriptBuildPhase section */
		70CE4D0769913E25CA8315DB /* Copy Pods Resources */ = {
			isa = PBXShellScriptBuildPhase;
			buildActionMask = 2147483647;
			files = (
			);
			inputPaths = (
			);
			name = "Copy Pods Resources";
			outputPaths = (
			);
			runOnlyForDeploymentPostprocessing = 0;
			shellPath = /bin/sh;
			shellScript = "\"${SRCROOT}/Pods/Target Support Files/Pods-Pear/Pods-Pear-resources.sh\"\n";
			showEnvVarsInLog = 0;
		};
		D9F25DC4EB0A990B237242BB /* Check Pods Manifest.lock */ = {
			isa = PBXShellScriptBuildPhase;
			buildActionMask = 2147483647;
			files = (
			);
			inputPaths = (
			);
			name = "Check Pods Manifest.lock";
			outputPaths = (
			);
			runOnlyForDeploymentPostprocessing = 0;
			shellPath = /bin/sh;
			shellScript = "diff \"${PODS_ROOT}/../Podfile.lock\" \"${PODS_ROOT}/Manifest.lock\" > /dev/null\nif [[ $? != 0 ]] ; then\n    cat << EOM\nerror: The sandbox is not in sync with the Podfile.lock. Run 'pod install' or update your CocoaPods installation.\nEOM\n    exit 1\nfi\n";
			showEnvVarsInLog = 0;
		};
/* End PBXShellScriptBuildPhase section */

/* Begin PBXSourcesBuildPhase section */
		6E4774A01A4A0FF6006C0B51 /* Sources */ = {
			isa = PBXSourcesBuildPhase;
			buildActionMask = 2147483647;
			files = (
				6E5B3F641A8216D20091A556 /* KHLoginDataManager.m in Sources */,
				6E2F98081AA43541009E66B6 /* UIFont+KHAdditions.m in Sources */,
				6E0126311A528EC500FB1736 /* KHSignUpView.m in Sources */,
				6E01261B1A4B5C9900FB1736 /* KHAppDelegate.m in Sources */,
				6E0126361A589A2D00FB1736 /* KHHouseChoresViewController.m in Sources */,
				6E0126181A4B5A4400FB1736 /* KHLoginViewController.m in Sources */,
				6E2F97F71A9EDBC2009E66B6 /* KHFeatureIntroductionContent.m in Sources */,
				6E7D17331A89B4EA000502BE /* KHFeatureIntroContentViewController.m in Sources */,
				6E0126391A59FDA800FB1736 /* KHChoreViewController.m in Sources */,
				6E0126261A52432600FB1736 /* UIImage+KHAdditions.m in Sources */,
				6E5B3F731A85BD520091A556 /* KHAPIManager.m in Sources */,
				6E7D17381A89BA09000502BE /* KHFeatureIntroView.m in Sources */,
				6E7D17301A89B290000502BE /* KHFeatureIntroViewController.m in Sources */,
				6E01262A1A528DD700FB1736 /* KHSignUpViewController.m in Sources */,
				6E01261F1A4B623B00FB1736 /* KHLoginView.m in Sources */,
				6E0126231A523F3E00FB1736 /* UIColor+KHHexString.m in Sources */,
				6E2F97F31A9EDA07009E66B6 /* KHFeatureIntroductionDataSource.m in Sources */,
				6E7D17081A886073000502BE /* KHRegisterDataManager.m in Sources */,
				6E4774AA1A4A0FF6006C0B51 /* main.m in Sources */,
				6E4774B01A4A0FF6006C0B51 /* Pear.xcdatamodeld in Sources */,
			);
			runOnlyForDeploymentPostprocessing = 0;
		};
		6E4774BC1A4A0FF6006C0B51 /* Sources */ = {
			isa = PBXSourcesBuildPhase;
			buildActionMask = 2147483647;
			files = (
				6E4774C71A4A0FF6006C0B51 /* PearTests.m in Sources */,
			);
			runOnlyForDeploymentPostprocessing = 0;
		};
/* End PBXSourcesBuildPhase section */

/* Begin PBXTargetDependency section */
		6E4774C21A4A0FF6006C0B51 /* PBXTargetDependency */ = {
			isa = PBXTargetDependency;
			target = 6E4774A31A4A0FF6006C0B51 /* Pear */;
			targetProxy = 6E4774C11A4A0FF6006C0B51 /* PBXContainerItemProxy */;
		};
/* End PBXTargetDependency section */

/* Begin PBXVariantGroup section */
		6E4774B91A4A0FF6006C0B51 /* LaunchScreen.xib */ = {
			isa = PBXVariantGroup;
			children = (
				6E4774BA1A4A0FF6006C0B51 /* Base */,
			);
			name = LaunchScreen.xib;
			sourceTree = "<group>";
		};
/* End PBXVariantGroup section */

/* Begin XCBuildConfiguration section */
		6E4774C81A4A0FF6006C0B51 /* Debug */ = {
			isa = XCBuildConfiguration;
			buildSettings = {
				ALWAYS_SEARCH_USER_PATHS = NO;
				CLANG_CXX_LANGUAGE_STANDARD = "gnu++0x";
				CLANG_CXX_LIBRARY = "libc++";
				CLANG_ENABLE_MODULES = YES;
				CLANG_ENABLE_OBJC_ARC = YES;
				CLANG_WARN_BOOL_CONVERSION = YES;
				CLANG_WARN_CONSTANT_CONVERSION = YES;
				CLANG_WARN_DIRECT_OBJC_ISA_USAGE = YES_ERROR;
				CLANG_WARN_EMPTY_BODY = YES;
				CLANG_WARN_ENUM_CONVERSION = YES;
				CLANG_WARN_INT_CONVERSION = YES;
				CLANG_WARN_OBJC_ROOT_CLASS = YES_ERROR;
				CLANG_WARN_UNREACHABLE_CODE = YES;
				CLANG_WARN__DUPLICATE_METHOD_MATCH = YES;
				"CODE_SIGN_IDENTITY[sdk=iphoneos*]" = "iPhone Developer";
				COPY_PHASE_STRIP = NO;
				ENABLE_STRICT_OBJC_MSGSEND = YES;
				GCC_C_LANGUAGE_STANDARD = gnu99;
				GCC_DYNAMIC_NO_PIC = NO;
				GCC_OPTIMIZATION_LEVEL = 0;
				GCC_PREPROCESSOR_DEFINITIONS = (
					"DEBUG=1",
					"$(inherited)",
				);
				GCC_SYMBOLS_PRIVATE_EXTERN = NO;
				GCC_WARN_64_TO_32_BIT_CONVERSION = YES;
				GCC_WARN_ABOUT_RETURN_TYPE = YES_ERROR;
				GCC_WARN_UNDECLARED_SELECTOR = YES;
				GCC_WARN_UNINITIALIZED_AUTOS = YES_AGGRESSIVE;
				GCC_WARN_UNUSED_FUNCTION = YES;
				GCC_WARN_UNUSED_VARIABLE = YES;
				IPHONEOS_DEPLOYMENT_TARGET = 8.1;
				MTL_ENABLE_DEBUG_INFO = YES;
				ONLY_ACTIVE_ARCH = YES;
				SDKROOT = iphoneos;
				TARGETED_DEVICE_FAMILY = "1,2";
			};
			name = Debug;
		};
		6E4774C91A4A0FF6006C0B51 /* Release */ = {
			isa = XCBuildConfiguration;
			buildSettings = {
				ALWAYS_SEARCH_USER_PATHS = NO;
				CLANG_CXX_LANGUAGE_STANDARD = "gnu++0x";
				CLANG_CXX_LIBRARY = "libc++";
				CLANG_ENABLE_MODULES = YES;
				CLANG_ENABLE_OBJC_ARC = YES;
				CLANG_WARN_BOOL_CONVERSION = YES;
				CLANG_WARN_CONSTANT_CONVERSION = YES;
				CLANG_WARN_DIRECT_OBJC_ISA_USAGE = YES_ERROR;
				CLANG_WARN_EMPTY_BODY = YES;
				CLANG_WARN_ENUM_CONVERSION = YES;
				CLANG_WARN_INT_CONVERSION = YES;
				CLANG_WARN_OBJC_ROOT_CLASS = YES_ERROR;
				CLANG_WARN_UNREACHABLE_CODE = YES;
				CLANG_WARN__DUPLICATE_METHOD_MATCH = YES;
				"CODE_SIGN_IDENTITY[sdk=iphoneos*]" = "iPhone Developer";
				COPY_PHASE_STRIP = YES;
				ENABLE_NS_ASSERTIONS = NO;
				ENABLE_STRICT_OBJC_MSGSEND = YES;
				GCC_C_LANGUAGE_STANDARD = gnu99;
				GCC_WARN_64_TO_32_BIT_CONVERSION = YES;
				GCC_WARN_ABOUT_RETURN_TYPE = YES_ERROR;
				GCC_WARN_UNDECLARED_SELECTOR = YES;
				GCC_WARN_UNINITIALIZED_AUTOS = YES_AGGRESSIVE;
				GCC_WARN_UNUSED_FUNCTION = YES;
				GCC_WARN_UNUSED_VARIABLE = YES;
				IPHONEOS_DEPLOYMENT_TARGET = 8.1;
				MTL_ENABLE_DEBUG_INFO = NO;
				SDKROOT = iphoneos;
				TARGETED_DEVICE_FAMILY = "1,2";
				VALIDATE_PRODUCT = YES;
			};
			name = Release;
		};
		6E4774CB1A4A0FF6006C0B51 /* Debug */ = {
			isa = XCBuildConfiguration;
			baseConfigurationReference = 9A72AA005E980D96D4DED400 /* Pods-Pear.debug.xcconfig */;
			buildSettings = {
				ASSETCATALOG_COMPILER_APPICON_NAME = AppIcon;
				GCC_TREAT_WARNINGS_AS_ERRORS = NO;
				INFOPLIST_FILE = Pear/Info.plist;
				LD_RUNPATH_SEARCH_PATHS = "$(inherited) @executable_path/Frameworks";
				PRODUCT_NAME = "$(TARGET_NAME)";
				WARNING_CFLAGS = "-Wall";
			};
			name = Debug;
		};
		6E4774CC1A4A0FF6006C0B51 /* Release */ = {
			isa = XCBuildConfiguration;
			baseConfigurationReference = 6755C4CA65754E2206D13760 /* Pods-Pear.release.xcconfig */;
			buildSettings = {
				ASSETCATALOG_COMPILER_APPICON_NAME = AppIcon;
				GCC_TREAT_WARNINGS_AS_ERRORS = NO;
				INFOPLIST_FILE = Pear/Info.plist;
				LD_RUNPATH_SEARCH_PATHS = "$(inherited) @executable_path/Frameworks";
				PRODUCT_NAME = "$(TARGET_NAME)";
				WARNING_CFLAGS = "-Wall";
			};
			name = Release;
		};
		6E4774CE1A4A0FF6006C0B51 /* Debug */ = {
			isa = XCBuildConfiguration;
			buildSettings = {
				BUNDLE_LOADER = "$(TEST_HOST)";
				FRAMEWORK_SEARCH_PATHS = (
					"$(SDKROOT)/Developer/Library/Frameworks",
					"$(inherited)",
				);
				GCC_PREPROCESSOR_DEFINITIONS = (
					"DEBUG=1",
					"$(inherited)",
				);
				INFOPLIST_FILE = PearTests/Info.plist;
				LD_RUNPATH_SEARCH_PATHS = "$(inherited) @executable_path/Frameworks @loader_path/Frameworks";
				PRODUCT_NAME = "$(TARGET_NAME)";
				TEST_HOST = "$(BUILT_PRODUCTS_DIR)/Pear.app/Pear";
			};
			name = Debug;
		};
		6E4774CF1A4A0FF6006C0B51 /* Release */ = {
			isa = XCBuildConfiguration;
			buildSettings = {
				BUNDLE_LOADER = "$(TEST_HOST)";
				FRAMEWORK_SEARCH_PATHS = (
					"$(SDKROOT)/Developer/Library/Frameworks",
					"$(inherited)",
				);
				INFOPLIST_FILE = PearTests/Info.plist;
				LD_RUNPATH_SEARCH_PATHS = "$(inherited) @executable_path/Frameworks @loader_path/Frameworks";
				PRODUCT_NAME = "$(TARGET_NAME)";
				TEST_HOST = "$(BUILT_PRODUCTS_DIR)/Pear.app/Pear";
			};
			name = Release;
		};
/* End XCBuildConfiguration section */

/* Begin XCConfigurationList section */
		6E47749F1A4A0FF6006C0B51 /* Build configuration list for PBXProject "Pear" */ = {
			isa = XCConfigurationList;
			buildConfigurations = (
				6E4774C81A4A0FF6006C0B51 /* Debug */,
				6E4774C91A4A0FF6006C0B51 /* Release */,
			);
			defaultConfigurationIsVisible = 0;
			defaultConfigurationName = Release;
		};
		6E4774CA1A4A0FF6006C0B51 /* Build configuration list for PBXNativeTarget "Pear" */ = {
			isa = XCConfigurationList;
			buildConfigurations = (
				6E4774CB1A4A0FF6006C0B51 /* Debug */,
				6E4774CC1A4A0FF6006C0B51 /* Release */,
			);
			defaultConfigurationIsVisible = 0;
			defaultConfigurationName = Release;
		};
		6E4774CD1A4A0FF6006C0B51 /* Build configuration list for PBXNativeTarget "PearTests" */ = {
			isa = XCConfigurationList;
			buildConfigurations = (
				6E4774CE1A4A0FF6006C0B51 /* Debug */,
				6E4774CF1A4A0FF6006C0B51 /* Release */,
			);
			defaultConfigurationIsVisible = 0;
			defaultConfigurationName = Release;
		};
/* End XCConfigurationList section */

/* Begin XCVersionGroup section */
		6E4774AE1A4A0FF6006C0B51 /* Pear.xcdatamodeld */ = {
			isa = XCVersionGroup;
			children = (
				6E4774AF1A4A0FF6006C0B51 /* Pear.xcdatamodel */,
			);
			currentVersion = 6E4774AF1A4A0FF6006C0B51 /* Pear.xcdatamodel */;
			path = Pear.xcdatamodeld;
			sourceTree = "<group>";
			versionGroupType = wrapper.xcdatamodel;
		};
/* End XCVersionGroup section */
	};
	rootObject = 6E47749C1A4A0FF6006C0B51 /* Project object */;
}
